
Microsoft Visual Studio Solution File, Format Version 12.00
# Visual Studio Version 16
VisualStudioVersion = 16.0.30523.141
MinimumVisualStudioVersion = 10.0.40219.1
Project("{9A19103F-16F7-4668-BE54-9A1E7A4F7556}") = "DZ_6", "DZ_^\DZ_6.csproj", "{9FE90EC3-D75E-4CE1-81AC-6134947A2271}"
EndProject
Global
	GlobalSection(SolutionConfigurationPlatforms) = preSolution
		Debug|Any CPU = Debug|Any CPU
		Release|Any CPU = Release|Any CPU
	EndGlobalSection
	GlobalSection(ProjectConfigurationPlatforms) = postSolution
		{9FE90EC3-D75E-4CE1-81AC-6134947A2271}.Debug|Any CPU.ActiveCfg = Debug|Any CPU
		{9FE90EC3-D75E-4CE1-81AC-6134947A2271}.Debug|Any CPU.Build.0 = Debug|Any CPU
		{9FE90EC3-D75E-4CE1-81AC-6134947A2271}.Release|Any CPU.ActiveCfg = Release|Any CPU
		{9FE90EC3-D75E-4CE1-81AC-6134947A2271}.Release|Any CPU.Build.0 = Release|Any CPU
	EndGlobalSection
	GlobalSection(SolutionProperties) = preSolution
		HideSolutionNode = FALSE
	EndGlobalSection
	GlobalSection(ExtensibilityGlobals) = postSolution
		SolutionGuid = {090F3DE4-1E11-431A-92A4-15A03A444DE3}
	EndGlobalSection
EndGlobal
