
Microsoft Visual Studio Solution File, Format Version 12.00
# Visual Studio Version 16
VisualStudioVersion = 16.0.30523.141
MinimumVisualStudioVersion = 10.0.40219.1
Project("{9A19103F-16F7-4668-BE54-9A1E7A4F7556}") = "DZ_6", "DZ_6\DZ_6.csproj", "{93AE0453-8B38-4016-9A3B-FFCF3B214068}"
EndProject
Global
	GlobalSection(SolutionConfigurationPlatforms) = preSolution
		Debug|Any CPU = Debug|Any CPU
		Release|Any CPU = Release|Any CPU
	EndGlobalSection
	GlobalSection(ProjectConfigurationPlatforms) = postSolution
		{93AE0453-8B38-4016-9A3B-FFCF3B214068}.Debug|Any CPU.ActiveCfg = Debug|Any CPU
		{93AE0453-8B38-4016-9A3B-FFCF3B214068}.Debug|Any CPU.Build.0 = Debug|Any CPU
		{93AE0453-8B38-4016-9A3B-FFCF3B214068}.Release|Any CPU.ActiveCfg = Release|Any CPU
		{93AE0453-8B38-4016-9A3B-FFCF3B214068}.Release|Any CPU.Build.0 = Release|Any CPU
	EndGlobalSection
	GlobalSection(SolutionProperties) = preSolution
		HideSolutionNode = FALSE
	EndGlobalSection
	GlobalSection(ExtensibilityGlobals) = postSolution
		SolutionGuid = {27CE66A5-7C60-49BE-9009-575A06E590FD}
	EndGlobalSection
EndGlobal
